
Microsoft Visual Studio Solution File, Format Version 12.00
# Visual Studio 14
VisualStudioVersion = 14.0.25420.1
MinimumVisualStudioVersion = 10.0.40219.1
Project("{FAE04EC0-301F-11D3-BF4B-00C04F79EFBC}") = "Stormancer.Monitoring.SD.Plugin", "Stormancer.Monitoring.SD.Plugin\Stormancer.Monitoring.SD.Plugin.csproj", "{FD999043-5678-462D-A4FD-835EBC612A75}"
EndProject
Project("{FAE04EC0-301F-11D3-BF4B-00C04F79EFBC}") = "Stormancer.Monitoring.SmokeTest", "Stormancer.Monitoring.SmokeTest\Stormancer.Monitoring.SmokeTest.csproj", "{7902D623-627C-4AB6-A2FC-06EBCD318117}"
EndProject
Project("{FAE04EC0-301F-11D3-BF4B-00C04F79EFBC}") = "Stormancer.LoadTester", "Stormancer.LoadTester\Stormancer.LoadTester.csproj", "{9F1F1384-55B9-4084-99A5-5BCADAA8963B}"
EndProject
Global
	GlobalSection(SolutionConfigurationPlatforms) = preSolution
		Debug|Any CPU = Debug|Any CPU
		Release|Any CPU = Release|Any CPU
	EndGlobalSection
	GlobalSection(ProjectConfigurationPlatforms) = postSolution
		{FD999043-5678-462D-A4FD-835EBC612A75}.Debug|Any CPU.ActiveCfg = Debug|Any CPU
		{FD999043-5678-462D-A4FD-835EBC612A75}.Debug|Any CPU.Build.0 = Debug|Any CPU
		{FD999043-5678-462D-A4FD-835EBC612A75}.Release|Any CPU.ActiveCfg = Release|Any CPU
		{FD999043-5678-462D-A4FD-835EBC612A75}.Release|Any CPU.Build.0 = Release|Any CPU
		{7902D623-627C-4AB6-A2FC-06EBCD318117}.Debug|Any CPU.ActiveCfg = Debug|Any CPU
		{7902D623-627C-4AB6-A2FC-06EBCD318117}.Debug|Any CPU.Build.0 = Debug|Any CPU
		{7902D623-627C-4AB6-A2FC-06EBCD318117}.Release|Any CPU.ActiveCfg = Release|Any CPU
		{7902D623-627C-4AB6-A2FC-06EBCD318117}.Release|Any CPU.Build.0 = Release|Any CPU
		{9F1F1384-55B9-4084-99A5-5BCADAA8963B}.Debug|Any CPU.ActiveCfg = Debug|Any CPU
		{9F1F1384-55B9-4084-99A5-5BCADAA8963B}.Debug|Any CPU.Build.0 = Debug|Any CPU
		{9F1F1384-55B9-4084-99A5-5BCADAA8963B}.Release|Any CPU.ActiveCfg = Release|Any CPU
		{9F1F1384-55B9-4084-99A5-5BCADAA8963B}.Release|Any CPU.Build.0 = Release|Any CPU
	EndGlobalSection
	GlobalSection(SolutionProperties) = preSolution
		HideSolutionNode = FALSE
	EndGlobalSection
EndGlobal
